
Microsoft Visual Studio Solution File, Format Version 12.00
# Visual Studio 15
VisualStudioVersion = 15.0.28307.645
MinimumVisualStudioVersion = 10.0.40219.1
Project("{FAE04EC0-301F-11D3-BF4B-00C04F79EFBC}") = "MVCAddress", "MVCAddress\MVCAddress.csproj", "{ABD280D2-2FB8-4EDF-8130-7DC1528B5223}"
EndProject
Project("{FAE04EC0-301F-11D3-BF4B-00C04F79EFBC}") = "apiAdressbook", "apiAdressbook\apiAdressbook.csproj", "{91348FFD-4AEF-42E5-9BCB-891EA7979258}"
EndProject
Project("{FAE04EC0-301F-11D3-BF4B-00C04F79EFBC}") = "appAddress.Android", "appAddress\appAddress.Android\appAddress.Android.csproj", "{86A77541-0354-48E6-B4D0-C056D38E8B87}"
EndProject
Project("{FAE04EC0-301F-11D3-BF4B-00C04F79EFBC}") = "appAddress.iOS", "appAddress\appAddress.iOS\appAddress.iOS.csproj", "{404C217B-C630-4A84-95F3-7C428AAD6308}"
EndProject
Project("{FAE04EC0-301F-11D3-BF4B-00C04F79EFBC}") = "appAddress", "appAddress\appAddress\appAddress.csproj", "{A111DFEF-7EC5-4641-91AF-477BE1F9F815}"
EndProject
Global
	GlobalSection(SolutionConfigurationPlatforms) = preSolution
		Ad-Hoc|Any CPU = Ad-Hoc|Any CPU
		Ad-Hoc|iPhone = Ad-Hoc|iPhone
		Ad-Hoc|iPhoneSimulator = Ad-Hoc|iPhoneSimulator
		AppStore|Any CPU = AppStore|Any CPU
		AppStore|iPhone = AppStore|iPhone
		AppStore|iPhoneSimulator = AppStore|iPhoneSimulator
		Debug|Any CPU = Debug|Any CPU
		Debug|iPhone = Debug|iPhone
		Debug|iPhoneSimulator = Debug|iPhoneSimulator
		Release|Any CPU = Release|Any CPU
		Release|iPhone = Release|iPhone
		Release|iPhoneSimulator = Release|iPhoneSimulator
	EndGlobalSection
	GlobalSection(ProjectConfigurationPlatforms) = postSolution
		{ABD280D2-2FB8-4EDF-8130-7DC1528B5223}.Ad-Hoc|Any CPU.ActiveCfg = Release|Any CPU
		{ABD280D2-2FB8-4EDF-8130-7DC1528B5223}.Ad-Hoc|Any CPU.Build.0 = Release|Any CPU
		{ABD280D2-2FB8-4EDF-8130-7DC1528B5223}.Ad-Hoc|iPhone.ActiveCfg = Release|Any CPU
		{ABD280D2-2FB8-4EDF-8130-7DC1528B5223}.Ad-Hoc|iPhone.Build.0 = Release|Any CPU
		{ABD280D2-2FB8-4EDF-8130-7DC1528B5223}.Ad-Hoc|iPhoneSimulator.ActiveCfg = Release|Any CPU
		{ABD280D2-2FB8-4EDF-8130-7DC1528B5223}.Ad-Hoc|iPhoneSimulator.Build.0 = Release|Any CPU
		{ABD280D2-2FB8-4EDF-8130-7DC1528B5223}.AppStore|Any CPU.ActiveCfg = Release|Any CPU
		{ABD280D2-2FB8-4EDF-8130-7DC1528B5223}.AppStore|Any CPU.Build.0 = Release|Any CPU
		{ABD280D2-2FB8-4EDF-8130-7DC1528B5223}.AppStore|iPhone.ActiveCfg = Release|Any CPU
		{ABD280D2-2FB8-4EDF-8130-7DC1528B5223}.AppStore|iPhone.Build.0 = Release|Any CPU
		{ABD280D2-2FB8-4EDF-8130-7DC1528B5223}.AppStore|iPhoneSimulator.ActiveCfg = Release|Any CPU
		{ABD280D2-2FB8-4EDF-8130-7DC1528B5223}.AppStore|iPhoneSimulator.Build.0 = Release|Any CPU
		{ABD280D2-2FB8-4EDF-8130-7DC1528B5223}.Debug|Any CPU.ActiveCfg = Debug|Any CPU
		{ABD280D2-2FB8-4EDF-8130-7DC1528B5223}.Debug|Any CPU.Build.0 = Debug|Any CPU
		{ABD280D2-2FB8-4EDF-8130-7DC1528B5223}.Debug|iPhone.ActiveCfg = Debug|Any CPU
		{ABD280D2-2FB8-4EDF-8130-7DC1528B5223}.Debug|iPhone.Build.0 = Debug|Any CPU
		{ABD280D2-2FB8-4EDF-8130-7DC1528B5223}.Debug|iPhoneSimulator.ActiveCfg = Debug|Any CPU
		{ABD280D2-2FB8-4EDF-8130-7DC1528B5223}.Debug|iPhoneSimulator.Build.0 = Debug|Any CPU
		{ABD280D2-2FB8-4EDF-8130-7DC1528B5223}.Release|Any CPU.ActiveCfg = Release|Any CPU
		{ABD280D2-2FB8-4EDF-8130-7DC1528B5223}.Release|Any CPU.Build.0 = Release|Any CPU
		{ABD280D2-2FB8-4EDF-8130-7DC1528B5223}.Release|iPhone.ActiveCfg = Release|Any CPU
		{ABD280D2-2FB8-4EDF-8130-7DC1528B5223}.Release|iPhone.Build.0 = Release|Any CPU
		{ABD280D2-2FB8-4EDF-8130-7DC1528B5223}.Release|iPhoneSimulator.ActiveCfg = Release|Any CPU
		{ABD280D2-2FB8-4EDF-8130-7DC1528B5223}.Release|iPhoneSimulator.Build.0 = Release|Any CPU
		{91348FFD-4AEF-42E5-9BCB-891EA7979258}.Ad-Hoc|Any CPU.ActiveCfg = Release|Any CPU
		{91348FFD-4AEF-42E5-9BCB-891EA7979258}.Ad-Hoc|Any CPU.Build.0 = Release|Any CPU
		{91348FFD-4AEF-42E5-9BCB-891EA7979258}.Ad-Hoc|iPhone.ActiveCfg = Release|Any CPU
		{91348FFD-4AEF-42E5-9BCB-891EA7979258}.Ad-Hoc|iPhone.Build.0 = Release|Any CPU
		{91348FFD-4AEF-42E5-9BCB-891EA7979258}.Ad-Hoc|iPhoneSimulator.ActiveCfg = Release|Any CPU
		{91348FFD-4AEF-42E5-9BCB-891EA7979258}.Ad-Hoc|iPhoneSimulator.Build.0 = Release|Any CPU
		{91348FFD-4AEF-42E5-9BCB-891EA7979258}.AppStore|Any CPU.ActiveCfg = Release|Any CPU
		{91348FFD-4AEF-42E5-9BCB-891EA7979258}.AppStore|Any CPU.Build.0 = Release|Any CPU
		{91348FFD-4AEF-42E5-9BCB-891EA7979258}.AppStore|iPhone.ActiveCfg = Release|Any CPU
		{91348FFD-4AEF-42E5-9BCB-891EA7979258}.AppStore|iPhone.Build.0 = Release|Any CPU
		{91348FFD-4AEF-42E5-9BCB-891EA7979258}.AppStore|iPhoneSimulator.ActiveCfg = Release|Any CPU
		{91348FFD-4AEF-42E5-9BCB-891EA7979258}.AppStore|iPhoneSimulator.Build.0 = Release|Any CPU
		{91348FFD-4AEF-42E5-9BCB-891EA7979258}.Debug|Any CPU.ActiveCfg = Debug|Any CPU
		{91348FFD-4AEF-42E5-9BCB-891EA7979258}.Debug|Any CPU.Build.0 = Debug|Any CPU
		{91348FFD-4AEF-42E5-9BCB-891EA7979258}.Debug|iPhone.ActiveCfg = Debug|Any CPU
		{91348FFD-4AEF-42E5-9BCB-891EA7979258}.Debug|iPhone.Build.0 = Debug|Any CPU
		{91348FFD-4AEF-42E5-9BCB-891EA7979258}.Debug|iPhoneSimulator.ActiveCfg = Debug|Any CPU
		{91348FFD-4AEF-42E5-9BCB-891EA7979258}.Debug|iPhoneSimulator.Build.0 = Debug|Any CPU
		{91348FFD-4AEF-42E5-9BCB-891EA7979258}.Release|Any CPU.ActiveCfg = Release|Any CPU
		{91348FFD-4AEF-42E5-9BCB-891EA7979258}.Release|Any CPU.Build.0 = Release|Any CPU
		{91348FFD-4AEF-42E5-9BCB-891EA7979258}.Release|iPhone.ActiveCfg = Release|Any CPU
		{91348FFD-4AEF-42E5-9BCB-891EA7979258}.Release|iPhone.Build.0 = Release|Any CPU
		{91348FFD-4AEF-42E5-9BCB-891EA7979258}.Release|iPhoneSimulator.ActiveCfg = Release|Any CPU
		{91348FFD-4AEF-42E5-9BCB-891EA7979258}.Release|iPhoneSimulator.Build.0 = Release|Any CPU
		{86A77541-0354-48E6-B4D0-C056D38E8B87}.Ad-Hoc|Any CPU.ActiveCfg = Release|Any CPU
		{86A77541-0354-48E6-B4D0-C056D38E8B87}.Ad-Hoc|Any CPU.Build.0 = Release|Any CPU
		{86A77541-0354-48E6-B4D0-C056D38E8B87}.Ad-Hoc|Any CPU.Deploy.0 = Release|Any CPU
		{86A77541-0354-48E6-B4D0-C056D38E8B87}.Ad-Hoc|iPhone.ActiveCfg = Release|Any CPU
		{86A77541-0354-48E6-B4D0-C056D38E8B87}.Ad-Hoc|iPhone.Build.0 = Release|Any CPU
		{86A77541-0354-48E6-B4D0-C056D38E8B87}.Ad-Hoc|iPhone.Deploy.0 = Release|Any CPU
		{86A77541-0354-48E6-B4D0-C056D38E8B87}.Ad-Hoc|iPhoneSimulator.ActiveCfg = Release|Any CPU
		{86A77541-0354-48E6-B4D0-C056D38E8B87}.Ad-Hoc|iPhoneSimulator.Build.0 = Release|Any CPU
		{86A77541-0354-48E6-B4D0-C056D38E8B87}.Ad-Hoc|iPhoneSimulator.Deploy.0 = Release|Any CPU
		{86A77541-0354-48E6-B4D0-C056D38E8B87}.AppStore|Any CPU.ActiveCfg = Release|Any CPU
		{86A77541-0354-48E6-B4D0-C056D38E8B87}.AppStore|Any CPU.Build.0 = Release|Any CPU
		{86A77541-0354-48E6-B4D0-C056D38E8B87}.AppStore|Any CPU.Deploy.0 = Release|Any CPU
		{86A77541-0354-48E6-B4D0-C056D38E8B87}.AppStore|iPhone.ActiveCfg = Release|Any CPU
		{86A77541-0354-48E6-B4D0-C056D38E8B87}.AppStore|iPhone.Build.0 = Release|Any CPU
		{86A77541-0354-48E6-B4D0-C056D38E8B87}.AppStore|iPhone.Deploy.0 = Release|Any CPU
		{86A77541-0354-48E6-B4D0-C056D38E8B87}.AppStore|iPhoneSimulator.ActiveCfg = Release|Any CPU
		{86A77541-0354-48E6-B4D0-C056D38E8B87}.AppStore|iPhoneSimulator.Build.0 = Release|Any CPU
		{86A77541-0354-48E6-B4D0-C056D38E8B87}.AppStore|iPhoneSimulator.Deploy.0 = Release|Any CPU
		{86A77541-0354-48E6-B4D0-C056D38E8B87}.Debug|Any CPU.ActiveCfg = Debug|Any CPU
		{86A77541-0354-48E6-B4D0-C056D38E8B87}.Debug|Any CPU.Build.0 = Debug|Any CPU
		{86A77541-0354-48E6-B4D0-C056D38E8B87}.Debug|Any CPU.Deploy.0 = Debug|Any CPU
		{86A77541-0354-48E6-B4D0-C056D38E8B87}.Debug|iPhone.ActiveCfg = Debug|Any CPU
		{86A77541-0354-48E6-B4D0-C056D38E8B87}.Debug|iPhone.Build.0 = Debug|Any CPU
		{86A77541-0354-48E6-B4D0-C056D38E8B87}.Debug|iPhone.Deploy.0 = Debug|Any CPU
		{86A77541-0354-48E6-B4D0-C056D38E8B87}.Debug|iPhoneSimulator.ActiveCfg = Debug|Any CPU
		{86A77541-0354-48E6-B4D0-C056D38E8B87}.Debug|iPhoneSimulator.Build.0 = Debug|Any CPU
		{86A77541-0354-48E6-B4D0-C056D38E8B87}.Debug|iPhoneSimulator.Deploy.0 = Debug|Any CPU
		{86A77541-0354-48E6-B4D0-C056D38E8B87}.Release|Any CPU.ActiveCfg = Release|Any CPU
		{86A77541-0354-48E6-B4D0-C056D38E8B87}.Release|Any CPU.Build.0 = Release|Any CPU
		{86A77541-0354-48E6-B4D0-C056D38E8B87}.Release|Any CPU.Deploy.0 = Release|Any CPU
		{86A77541-0354-48E6-B4D0-C056D38E8B87}.Release|iPhone.ActiveCfg = Release|Any CPU
		{86A77541-0354-48E6-B4D0-C056D38E8B87}.Release|iPhone.Build.0 = Release|Any CPU
		{86A77541-0354-48E6-B4D0-C056D38E8B87}.Release|iPhone.Deploy.0 = Release|Any CPU
		{86A77541-0354-48E6-B4D0-C056D38E8B87}.Release|iPhoneSimulator.ActiveCfg = Release|Any CPU
		{86A77541-0354-48E6-B4D0-C056D38E8B87}.Release|iPhoneSimulator.Build.0 = Release|Any CPU
		{86A77541-0354-48E6-B4D0-C056D38E8B87}.Release|iPhoneSimulator.Deploy.0 = Release|Any CPU
		{404C217B-C630-4A84-95F3-7C428AAD6308}.Ad-Hoc|Any CPU.ActiveCfg = Ad-Hoc|iPhone
		{404C217B-C630-4A84-95F3-7C428AAD6308}.Ad-Hoc|iPhone.ActiveCfg = Ad-Hoc|iPhone
		{404C217B-C630-4A84-95F3-7C428AAD6308}.Ad-Hoc|iPhone.Build.0 = Ad-Hoc|iPhone
		{404C217B-C630-4A84-95F3-7C428AAD6308}.Ad-Hoc|iPhoneSimulator.ActiveCfg = Ad-Hoc|iPhoneSimulator
		{404C217B-C630-4A84-95F3-7C428AAD6308}.Ad-Hoc|iPhoneSimulator.Build.0 = Ad-Hoc|iPhoneSimulator
		{404C217B-C630-4A84-95F3-7C428AAD6308}.AppStore|Any CPU.ActiveCfg = AppStore|iPhone
		{404C217B-C630-4A84-95F3-7C428AAD6308}.AppStore|iPhone.ActiveCfg = AppStore|iPhone
		{404C217B-C630-4A84-95F3-7C428AAD6308}.AppStore|iPhone.Build.0 = AppStore|iPhone
		{404C217B-C630-4A84-95F3-7C428AAD6308}.AppStore|iPhoneSimulator.ActiveCfg = AppStore|iPhoneSimulator
		{404C217B-C630-4A84-95F3-7C428AAD6308}.AppStore|iPhoneSimulator.Build.0 = AppStore|iPhoneSimulator
		{404C217B-C630-4A84-95F3-7C428AAD6308}.Debug|Any CPU.ActiveCfg = Debug|iPhone
		{404C217B-C630-4A84-95F3-7C428AAD6308}.Debug|iPhone.ActiveCfg = Debug|iPhone
		{404C217B-C630-4A84-95F3-7C428AAD6308}.Debug|iPhone.Build.0 = Debug|iPhone
		{404C217B-C630-4A84-95F3-7C428AAD6308}.Debug|iPhoneSimulator.ActiveCfg = Debug|iPhoneSimulator
		{404C217B-C630-4A84-95F3-7C428AAD6308}.Debug|iPhoneSimulator.Build.0 = Debug|iPhoneSimulator
		{404C217B-C630-4A84-95F3-7C428AAD6308}.Release|Any CPU.ActiveCfg = Release|iPhone
		{404C217B-C630-4A84-95F3-7C428AAD6308}.Release|iPhone.ActiveCfg = Release|iPhone
		{404C217B-C630-4A84-95F3-7C428AAD6308}.Release|iPhone.Build.0 = Release|iPhone
		{404C217B-C630-4A84-95F3-7C428AAD6308}.Release|iPhoneSimulator.ActiveCfg = Release|iPhoneSimulator
		{404C217B-C630-4A84-95F3-7C428AAD6308}.Release|iPhoneSimulator.Build.0 = Release|iPhoneSimulator
		{A111DFEF-7EC5-4641-91AF-477BE1F9F815}.Ad-Hoc|Any CPU.ActiveCfg = Debug|Any CPU
		{A111DFEF-7EC5-4641-91AF-477BE1F9F815}.Ad-Hoc|Any CPU.Build.0 = Debug|Any CPU
		{A111DFEF-7EC5-4641-91AF-477BE1F9F815}.Ad-Hoc|iPhone.ActiveCfg = Debug|Any CPU
		{A111DFEF-7EC5-4641-91AF-477BE1F9F815}.Ad-Hoc|iPhone.Build.0 = Debug|Any CPU
		{A111DFEF-7EC5-4641-91AF-477BE1F9F815}.Ad-Hoc|iPhoneSimulator.ActiveCfg = Debug|Any CPU
		{A111DFEF-7EC5-4641-91AF-477BE1F9F815}.Ad-Hoc|iPhoneSimulator.Build.0 = Debug|Any CPU
		{A111DFEF-7EC5-4641-91AF-477BE1F9F815}.AppStore|Any CPU.ActiveCfg = Debug|Any CPU
		{A111DFEF-7EC5-4641-91AF-477BE1F9F815}.AppStore|Any CPU.Build.0 = Debug|Any CPU
		{A111DFEF-7EC5-4641-91AF-477BE1F9F815}.AppStore|iPhone.ActiveCfg = Debug|Any CPU
		{A111DFEF-7EC5-4641-91AF-477BE1F9F815}.AppStore|iPhone.Build.0 = Debug|Any CPU
		{A111DFEF-7EC5-4641-91AF-477BE1F9F815}.AppStore|iPhoneSimulator.ActiveCfg = Debug|Any CPU
		{A111DFEF-7EC5-4641-91AF-477BE1F9F815}.AppStore|iPhoneSimulator.Build.0 = Debug|Any CPU
		{A111DFEF-7EC5-4641-91AF-477BE1F9F815}.Debug|Any CPU.ActiveCfg = Debug|Any CPU
		{A111DFEF-7EC5-4641-91AF-477BE1F9F815}.Debug|Any CPU.Build.0 = Debug|Any CPU
		{A111DFEF-7EC5-4641-91AF-477BE1F9F815}.Debug|iPhone.ActiveCfg = Debug|Any CPU
		{A111DFEF-7EC5-4641-91AF-477BE1F9F815}.Debug|iPhone.Build.0 = Debug|Any CPU
		{A111DFEF-7EC5-4641-91AF-477BE1F9F815}.Debug|iPhoneSimulator.ActiveCfg = Debug|Any CPU
		{A111DFEF-7EC5-4641-91AF-477BE1F9F815}.Debug|iPhoneSimulator.Build.0 = Debug|Any CPU
		{A111DFEF-7EC5-4641-91AF-477BE1F9F815}.Release|Any CPU.ActiveCfg = Release|Any CPU
		{A111DFEF-7EC5-4641-91AF-477BE1F9F815}.Release|Any CPU.Build.0 = Release|Any CPU
		{A111DFEF-7EC5-4641-91AF-477BE1F9F815}.Release|iPhone.ActiveCfg = Release|Any CPU
		{A111DFEF-7EC5-4641-91AF-477BE1F9F815}.Release|iPhone.Build.0 = Release|Any CPU
		{A111DFEF-7EC5-4641-91AF-477BE1F9F815}.Release|iPhoneSimulator.ActiveCfg = Release|Any CPU
		{A111DFEF-7EC5-4641-91AF-477BE1F9F815}.Release|iPhoneSimulator.Build.0 = Release|Any CPU
	EndGlobalSection
	GlobalSection(SolutionProperties) = preSolution
		HideSolutionNode = FALSE
	EndGlobalSection
	GlobalSection(ExtensibilityGlobals) = postSolution
		SolutionGuid = {75630CA5-1609-4129-A8CA-536058A4E804}
	EndGlobalSection
EndGlobal
